
Microsoft Visual Studio Solution File, Format Version 12.00
# Visual Studio Version 17
VisualStudioVersion = 17.14.36603.0
MinimumVisualStudioVersion = 10.0.40219.1
Project("{FAE04EC0-301F-11D3-BF4B-00C04F79EFBC}") = "EmagineHackerNewsApi", "EmagineHackerNewsApi\EmagineHackerNewsApi.csproj", "{F7E1443E-DE2F-5322-5432-147B8EAA5650}"
EndProject
Global
	GlobalSection(SolutionConfigurationPlatforms) = preSolution
		Debug|Any CPU = Debug|Any CPU
		Release|Any CPU = Release|Any CPU
	EndGlobalSection
	GlobalSection(ProjectConfigurationPlatforms) = postSolution
		{F7E1443E-DE2F-5322-5432-147B8EAA5650}.Debug|Any CPU.ActiveCfg = Debug|Any CPU
		{F7E1443E-DE2F-5322-5432-147B8EAA5650}.Debug|Any CPU.Build.0 = Debug|Any CPU
		{F7E1443E-DE2F-5322-5432-147B8EAA5650}.Release|Any CPU.ActiveCfg = Release|Any CPU
		{F7E1443E-DE2F-5322-5432-147B8EAA5650}.Release|Any CPU.Build.0 = Release|Any CPU
	EndGlobalSection
	GlobalSection(SolutionProperties) = preSolution
		HideSolutionNode = FALSE
	EndGlobalSection
	GlobalSection(ExtensibilityGlobals) = postSolution
		SolutionGuid = {C34789A1-4CAD-4340-8FF9-6A68449EAD37}
	EndGlobalSection
EndGlobal
